
Microsoft Visual Studio Solution File, Format Version 12.00
# Visual Studio Version 16
VisualStudioVersion = 16.0.32428.217
MinimumVisualStudioVersion = 10.0.40219.1
Project("{9A19103F-16F7-4668-BE54-9A1E7A4F7556}") = "chessBoard.API", "chessBoardAPI\chessBoard.API.csproj", "{5CBFFFC6-6A44-4127-B039-22ABAD6A1532}"
EndProject
Project("{9A19103F-16F7-4668-BE54-9A1E7A4F7556}") = "chessBoard.DA", "chessBoard.DA\chessBoard.DA.csproj", "{498527B9-93AA-4EAB-98AF-1B2365443D85}"
EndProject
Project("{9A19103F-16F7-4668-BE54-9A1E7A4F7556}") = "chessBoard.BL", "chessBoard.BL\chessBoard.BL.csproj", "{4468D732-D97A-4DCA-AEFA-6E6A6252A07F}"
EndProject
Project("{9A19103F-16F7-4668-BE54-9A1E7A4F7556}") = "chessBoard.Core", "chessBoard.Core\chessBoard.Core.csproj", "{DD933742-B4A8-49DB-B79A-CAA25448BD9C}"
EndProject
Project("{FAE04EC0-301F-11D3-BF4B-00C04F79EFBC}") = "chessBoard.Tests", "chessBoard.Tests\chessBoard.Tests.csproj", "{6BD9DB29-632C-4AAF-B8CF-F130C8F1852E}"
EndProject
Global
	GlobalSection(SolutionConfigurationPlatforms) = preSolution
		Debug|Any CPU = Debug|Any CPU
		Release|Any CPU = Release|Any CPU
	EndGlobalSection
	GlobalSection(ProjectConfigurationPlatforms) = postSolution
		{5CBFFFC6-6A44-4127-B039-22ABAD6A1532}.Debug|Any CPU.ActiveCfg = Debug|Any CPU
		{5CBFFFC6-6A44-4127-B039-22ABAD6A1532}.Debug|Any CPU.Build.0 = Debug|Any CPU
		{5CBFFFC6-6A44-4127-B039-22ABAD6A1532}.Release|Any CPU.ActiveCfg = Release|Any CPU
		{5CBFFFC6-6A44-4127-B039-22ABAD6A1532}.Release|Any CPU.Build.0 = Release|Any CPU
		{498527B9-93AA-4EAB-98AF-1B2365443D85}.Debug|Any CPU.ActiveCfg = Debug|Any CPU
		{498527B9-93AA-4EAB-98AF-1B2365443D85}.Debug|Any CPU.Build.0 = Debug|Any CPU
		{498527B9-93AA-4EAB-98AF-1B2365443D85}.Release|Any CPU.ActiveCfg = Release|Any CPU
		{498527B9-93AA-4EAB-98AF-1B2365443D85}.Release|Any CPU.Build.0 = Release|Any CPU
		{4468D732-D97A-4DCA-AEFA-6E6A6252A07F}.Debug|Any CPU.ActiveCfg = Debug|Any CPU
		{4468D732-D97A-4DCA-AEFA-6E6A6252A07F}.Debug|Any CPU.Build.0 = Debug|Any CPU
		{4468D732-D97A-4DCA-AEFA-6E6A6252A07F}.Release|Any CPU.ActiveCfg = Release|Any CPU
		{4468D732-D97A-4DCA-AEFA-6E6A6252A07F}.Release|Any CPU.Build.0 = Release|Any CPU
		{DD933742-B4A8-49DB-B79A-CAA25448BD9C}.Debug|Any CPU.ActiveCfg = Debug|Any CPU
		{DD933742-B4A8-49DB-B79A-CAA25448BD9C}.Debug|Any CPU.Build.0 = Debug|Any CPU
		{DD933742-B4A8-49DB-B79A-CAA25448BD9C}.Release|Any CPU.ActiveCfg = Release|Any CPU
		{DD933742-B4A8-49DB-B79A-CAA25448BD9C}.Release|Any CPU.Build.0 = Release|Any CPU
		{6BD9DB29-632C-4AAF-B8CF-F130C8F1852E}.Debug|Any CPU.ActiveCfg = Debug|Any CPU
		{6BD9DB29-632C-4AAF-B8CF-F130C8F1852E}.Debug|Any CPU.Build.0 = Debug|Any CPU
		{6BD9DB29-632C-4AAF-B8CF-F130C8F1852E}.Release|Any CPU.ActiveCfg = Release|Any CPU
		{6BD9DB29-632C-4AAF-B8CF-F130C8F1852E}.Release|Any CPU.Build.0 = Release|Any CPU
	EndGlobalSection
	GlobalSection(SolutionProperties) = preSolution
		HideSolutionNode = FALSE
	EndGlobalSection
	GlobalSection(ExtensibilityGlobals) = postSolution
		SolutionGuid = {81D25976-C422-4932-BCA1-C7804DABD428}
	EndGlobalSection
EndGlobal
